
Microsoft Visual Studio Solution File, Format Version 12.00
# Visual Studio Version 16
VisualStudioVersion = 16.0.31205.134
MinimumVisualStudioVersion = 10.0.40219.1
Project("{FAE04EC0-301F-11D3-BF4B-00C04F79EFBC}") = "Modul_4_HW_2_(createBD)", "Modul_4_HW_2_(createBD)\Modul_4_HW_2_(createBD).csproj", "{F7F1452F-40B3-48C2-A911-E5FC812F2D29}"
EndProject
Project("{2150E333-8FDC-42A3-9474-1A3956D46DE8}") = "SolutionItems", "SolutionItems", "{A96EFF67-4D11-4805-97DC-DD6FC906E007}"
	ProjectSection(SolutionItems) = preProject
		..\..\..\Desktop\settings.ruleset = ..\..\..\Desktop\settings.ruleset
		..\..\..\Desktop\stylecop.json = ..\..\..\Desktop\stylecop.json
	EndProjectSection
EndProject
Global
	GlobalSection(SolutionConfigurationPlatforms) = preSolution
		Debug|Any CPU = Debug|Any CPU
		Release|Any CPU = Release|Any CPU
	EndGlobalSection
	GlobalSection(ProjectConfigurationPlatforms) = postSolution
		{F7F1452F-40B3-48C2-A911-E5FC812F2D29}.Debug|Any CPU.ActiveCfg = Debug|Any CPU
		{F7F1452F-40B3-48C2-A911-E5FC812F2D29}.Debug|Any CPU.Build.0 = Debug|Any CPU
		{F7F1452F-40B3-48C2-A911-E5FC812F2D29}.Release|Any CPU.ActiveCfg = Release|Any CPU
		{F7F1452F-40B3-48C2-A911-E5FC812F2D29}.Release|Any CPU.Build.0 = Release|Any CPU
	EndGlobalSection
	GlobalSection(SolutionProperties) = preSolution
		HideSolutionNode = FALSE
	EndGlobalSection
	GlobalSection(ExtensibilityGlobals) = postSolution
		SolutionGuid = {6B00E384-FFAB-4393-811C-AC71645CD296}
	EndGlobalSection
EndGlobal
